
Microsoft Visual Studio Solution File, Format Version 12.00
# Visual Studio Version 17
VisualStudioVersion = 17.9.34701.34
MinimumVisualStudioVersion = 10.0.40219.1
Project("{FAE04EC0-301F-11D3-BF4B-00C04F79EFBC}") = "To-do WebApi", "To-do WebApi\To-do WebApi.csproj", "{72F55B3B-74B5-46F0-8CE0-289A83911D2A}"
EndProject
Project("{FAE04EC0-301F-11D3-BF4B-00C04F79EFBC}") = "TodoAppDataLayer", "TodoAppDataLayer\TodoAppDataLayer.csproj", "{1AF9F734-647D-4BFE-B929-16C3BB517A84}"
EndProject
Project("{FAE04EC0-301F-11D3-BF4B-00C04F79EFBC}") = "TodoAppServices", "TodoAppServices\TodoAppServices.csproj", "{0EA73909-C59B-402F-90A7-E8B2767E2A05}"
EndProject
Global
	GlobalSection(SolutionConfigurationPlatforms) = preSolution
		Debug|Any CPU = Debug|Any CPU
		Release|Any CPU = Release|Any CPU
	EndGlobalSection
	GlobalSection(ProjectConfigurationPlatforms) = postSolution
		{72F55B3B-74B5-46F0-8CE0-289A83911D2A}.Debug|Any CPU.ActiveCfg = Debug|Any CPU
		{72F55B3B-74B5-46F0-8CE0-289A83911D2A}.Debug|Any CPU.Build.0 = Debug|Any CPU
		{72F55B3B-74B5-46F0-8CE0-289A83911D2A}.Release|Any CPU.ActiveCfg = Release|Any CPU
		{72F55B3B-74B5-46F0-8CE0-289A83911D2A}.Release|Any CPU.Build.0 = Release|Any CPU
		{1AF9F734-647D-4BFE-B929-16C3BB517A84}.Debug|Any CPU.ActiveCfg = Debug|Any CPU
		{1AF9F734-647D-4BFE-B929-16C3BB517A84}.Debug|Any CPU.Build.0 = Debug|Any CPU
		{1AF9F734-647D-4BFE-B929-16C3BB517A84}.Release|Any CPU.ActiveCfg = Release|Any CPU
		{1AF9F734-647D-4BFE-B929-16C3BB517A84}.Release|Any CPU.Build.0 = Release|Any CPU
		{0EA73909-C59B-402F-90A7-E8B2767E2A05}.Debug|Any CPU.ActiveCfg = Debug|Any CPU
		{0EA73909-C59B-402F-90A7-E8B2767E2A05}.Debug|Any CPU.Build.0 = Debug|Any CPU
		{0EA73909-C59B-402F-90A7-E8B2767E2A05}.Release|Any CPU.ActiveCfg = Release|Any CPU
		{0EA73909-C59B-402F-90A7-E8B2767E2A05}.Release|Any CPU.Build.0 = Release|Any CPU
	EndGlobalSection
	GlobalSection(SolutionProperties) = preSolution
		HideSolutionNode = FALSE
	EndGlobalSection
	GlobalSection(ExtensibilityGlobals) = postSolution
		SolutionGuid = {AA09C9E0-418F-4B52-8279-12FD38932742}
	EndGlobalSection
EndGlobal
